
Microsoft Visual Studio Solution File, Format Version 12.00
# Visual Studio Version 17
VisualStudioVersion = 17.9.34728.123
MinimumVisualStudioVersion = 10.0.40219.1
Project("{9A19103F-16F7-4668-BE54-9A1E7A4F7556}") = "SAPTests", "SAPTests\SAPTests.csproj", "{43223E63-3DE1-42E3-993C-73E079B10B9D}"
EndProject
Global
	GlobalSection(SolutionConfigurationPlatforms) = preSolution
		Debug|Any CPU = Debug|Any CPU
		Release|Any CPU = Release|Any CPU
	EndGlobalSection
	GlobalSection(ProjectConfigurationPlatforms) = postSolution
		{43223E63-3DE1-42E3-993C-73E079B10B9D}.Debug|Any CPU.ActiveCfg = Debug|Any CPU
		{43223E63-3DE1-42E3-993C-73E079B10B9D}.Debug|Any CPU.Build.0 = Debug|Any CPU
		{43223E63-3DE1-42E3-993C-73E079B10B9D}.Release|Any CPU.ActiveCfg = Release|Any CPU
		{43223E63-3DE1-42E3-993C-73E079B10B9D}.Release|Any CPU.Build.0 = Release|Any CPU
	EndGlobalSection
	GlobalSection(SolutionProperties) = preSolution
		HideSolutionNode = FALSE
	EndGlobalSection
	GlobalSection(ExtensibilityGlobals) = postSolution
		SolutionGuid = {5C42013E-85E7-4069-8011-5F115C3BE17C}
	EndGlobalSection
EndGlobal
